<Solution>
  <Project Path="Bai1/Bai1.csproj" />
  <Project Path="Bai2/Bai2.csproj" />
  <Project Path="Bai3/Bai3.csproj" Id="22b39cf1-22ab-4c09-b058-3ccb35b99549" />
  <Project Path="Bai4/Bai4.csproj" Id="19dcc6db-2fee-4079-b937-7b070ede4504" />
  <Project Path="Bai5/Bai5.csproj" Id="1f5365f5-2362-48e2-94bd-253bc26926c1" />
</Solution>
